{
  "name": "greenfield-contracts-sdk",
  "version": "1.0.0",
  "lockfileVersion": 2,
  "requires": true,
  "packages": {
    "": {
      "name": "greenfield-contracts-sdk",
      "version": "1.0.0",
      "license": "GNU Affero General Public License v3.0",
      "dependencies": {
        "@bnb-chain/greenfield-contracts": "1.0.0",
        "@openzeppelin/contracts": "^4.9.3",
        "@openzeppelin/contracts-upgradeable": "^4.9.3"
      }
    },
    "node_modules/@bnb-chain/greenfield-contracts": {
      "version": "1.0.0",
      "resolved": "https://registry.npmjs.org/@bnb-chain/greenfield-contracts/-/greenfield-contracts-1.0.0.tgz",
      "integrity": "sha512-6aP9SOfTef1fohZgrO6Bcq53dVRGp7jjbR8P3WvznJ+v3ggUySFRWJxqgqtoKf0prJ3+BuklY2fedksuG6spIw==",
      "dependencies": {
        "@openzeppelin/contracts": "4.9.3",
        "@openzeppelin/contracts-upgradeable": "4.9.3"
      }
    },
    "node_modules/@openzeppelin/contracts": {
      "version": "4.9.3",
      "resolved": "https://registry.npmjs.org/@openzeppelin/contracts/-/contracts-4.9.3.tgz",
      "integrity": "sha512-He3LieZ1pP2TNt5JbkPA4PNT9WC3gOTOlDcFGJW4Le4QKqwmiNJCRt44APfxMxvq7OugU/cqYuPcSBzOw38DAg=="
    },
    "node_modules/@openzeppelin/contracts-upgradeable": {
      "version": "4.9.3",
      "resolved": "https://registry.npmjs.org/@openzeppelin/contracts-upgradeable/-/contracts-upgradeable-4.9.3.tgz",
      "integrity": "sha512-jjaHAVRMrE4UuZNfDwjlLGDxTHWIOwTJS2ldnc278a0gevfXfPr8hxKEVBGFBE96kl2G3VHDZhUimw/+G3TG2A=="
    }
  },
  "dependencies": {
    "@bnb-chain/greenfield-contracts": {
      "version": "1.0.0",
      "resolved": "https://registry.npmjs.org/@bnb-chain/greenfield-contracts/-/greenfield-contracts-1.0.0.tgz",
      "integrity": "sha512-6aP9SOfTef1fohZgrO6Bcq53dVRGp7jjbR8P3WvznJ+v3ggUySFRWJxqgqtoKf0prJ3+BuklY2fedksuG6spIw==",
      "requires": {
        "@openzeppelin/contracts": "4.9.3",
        "@openzeppelin/contracts-upgradeable": "4.9.3"
      }
    },
    "@openzeppelin/contracts": {
      "version": "4.9.3",
      "resolved": "https://registry.npmjs.org/@openzeppelin/contracts/-/contracts-4.9.3.tgz",
      "integrity": "sha512-He3LieZ1pP2TNt5JbkPA4PNT9WC3gOTOlDcFGJW4Le4QKqwmiNJCRt44APfxMxvq7OugU/cqYuPcSBzOw38DAg=="
    },
    "@openzeppelin/contracts-upgradeable": {
      "version": "4.9.3",
      "resolved": "https://registry.npmjs.org/@openzeppelin/contracts-upgradeable/-/contracts-upgradeable-4.9.3.tgz",
      "integrity": "sha512-jjaHAVRMrE4UuZNfDwjlLGDxTHWIOwTJS2ldnc278a0gevfXfPr8hxKEVBGFBE96kl2G3VHDZhUimw/+G3TG2A=="
    }
  }
}
