{
  "name": "greenfield-contracts-sdk",
  "version": "0.1.0",
  "lockfileVersion": 2,
  "requires": true,
  "packages": {
    "": {
      "name": "greenfield-contracts-sdk",
      "version": "0.1.0",
      "license": "GNU Affero General Public License v3.0",
      "dependencies": {
        "@bnb-chain/greenfield-contracts": "0.1.1",
        "@openzeppelin/contracts": "^4.9.3",
        "@openzeppelin/contracts-upgradeable": "^4.9.3"
      }
    },
    "node_modules/@bnb-chain/greenfield-contracts": {
      "version": "0.1.1",
      "resolved": "https://registry.npmjs.org/@bnb-chain/greenfield-contracts/-/greenfield-contracts-0.1.1.tgz",
      "integrity": "sha512-VBOLghlmw21zuP15xpKjoMFRKhZakgZgKy9EmqH/ZJKZA9+zqQcYwUK+r0zsaSTWTngLKHJxXOTSclTJ2DHDAQ==",
      "dependencies": {
        "@openzeppelin/contracts": "4.9.3",
        "@openzeppelin/contracts-upgradeable": "4.9.3"
      }
    },
    "node_modules/@openzeppelin/contracts": {
      "version": "4.9.3",
      "resolved": "https://registry.npmjs.org/@openzeppelin/contracts/-/contracts-4.9.3.tgz",
      "integrity": "sha512-He3LieZ1pP2TNt5JbkPA4PNT9WC3gOTOlDcFGJW4Le4QKqwmiNJCRt44APfxMxvq7OugU/cqYuPcSBzOw38DAg=="
    },
    "node_modules/@openzeppelin/contracts-upgradeable": {
      "version": "4.9.3",
      "resolved": "https://registry.npmjs.org/@openzeppelin/contracts-upgradeable/-/contracts-upgradeable-4.9.3.tgz",
      "integrity": "sha512-jjaHAVRMrE4UuZNfDwjlLGDxTHWIOwTJS2ldnc278a0gevfXfPr8hxKEVBGFBE96kl2G3VHDZhUimw/+G3TG2A=="
    }
  },
  "dependencies": {
    "@bnb-chain/greenfield-contracts": {
      "version": "0.1.1",
      "resolved": "https://registry.npmjs.org/@bnb-chain/greenfield-contracts/-/greenfield-contracts-0.1.1.tgz",
      "integrity": "sha512-VBOLghlmw21zuP15xpKjoMFRKhZakgZgKy9EmqH/ZJKZA9+zqQcYwUK+r0zsaSTWTngLKHJxXOTSclTJ2DHDAQ==",
      "requires": {
        "@openzeppelin/contracts": "4.9.3",
        "@openzeppelin/contracts-upgradeable": "4.9.3"
      }
    },
    "@openzeppelin/contracts": {
      "version": "4.9.3",
      "resolved": "https://registry.npmjs.org/@openzeppelin/contracts/-/contracts-4.9.3.tgz",
      "integrity": "sha512-He3LieZ1pP2TNt5JbkPA4PNT9WC3gOTOlDcFGJW4Le4QKqwmiNJCRt44APfxMxvq7OugU/cqYuPcSBzOw38DAg=="
    },
    "@openzeppelin/contracts-upgradeable": {
      "version": "4.9.3",
      "resolved": "https://registry.npmjs.org/@openzeppelin/contracts-upgradeable/-/contracts-upgradeable-4.9.3.tgz",
      "integrity": "sha512-jjaHAVRMrE4UuZNfDwjlLGDxTHWIOwTJS2ldnc278a0gevfXfPr8hxKEVBGFBE96kl2G3VHDZhUimw/+G3TG2A=="
    }
  }
}
