{
  "name": "greenfield-contracts-sdk",
  "version": "0.0.1",
  "lockfileVersion": 2,
  "requires": true,
  "packages": {
    "": {
      "name": "greenfield-contracts-sdk",
      "version": "0.0.1",
      "license": "ISC",
      "dependencies": {
        "@openzeppelin/contracts": "^4.8.2",
        "@openzeppelin/contracts-upgradeable": "^4.8.2"
      }
    },
    "node_modules/@openzeppelin/contracts": {
      "version": "4.8.2",
      "resolved": "https://registry.npmjs.org/@openzeppelin/contracts/-/contracts-4.8.2.tgz",
      "integrity": "sha512-kEUOgPQszC0fSYWpbh2kT94ltOJwj1qfT2DWo+zVttmGmf97JZ99LspePNaeeaLhCImaHVeBbjaQFZQn7+Zc5g=="
    },
    "node_modules/@openzeppelin/contracts-upgradeable": {
      "version": "4.8.2",
      "resolved": "https://registry.npmjs.org/@openzeppelin/contracts-upgradeable/-/contracts-upgradeable-4.8.2.tgz",
      "integrity": "sha512-zIggnBwemUmmt9IS73qxi+tumALxCY4QEs3zLCII78k0Gfse2hAOdAkuAeLUzvWUpneMUfFE5sGHzEUSTvn4Ag=="
    }
  },
  "dependencies": {
    "@openzeppelin/contracts": {
      "version": "4.8.2",
      "resolved": "https://registry.npmjs.org/@openzeppelin/contracts/-/contracts-4.8.2.tgz",
      "integrity": "sha512-kEUOgPQszC0fSYWpbh2kT94ltOJwj1qfT2DWo+zVttmGmf97JZ99LspePNaeeaLhCImaHVeBbjaQFZQn7+Zc5g=="
    },
    "@openzeppelin/contracts-upgradeable": {
      "version": "4.8.2",
      "resolved": "https://registry.npmjs.org/@openzeppelin/contracts-upgradeable/-/contracts-upgradeable-4.8.2.tgz",
      "integrity": "sha512-zIggnBwemUmmt9IS73qxi+tumALxCY4QEs3zLCII78k0Gfse2hAOdAkuAeLUzvWUpneMUfFE5sGHzEUSTvn4Ag=="
    }
  }
}
