# THIS IS AN AUTOGENERATED FILE. DO NOT EDIT THIS FILE DIRECTLY.
# yarn lockfile v1


"@bnb-chain/greenfield-contracts@^0.0.8":
  "integrity" "sha512-znNRigNPetlfH1HAu3iE6BP7+CMZTmMsgULw/NvPP+S23KJR2aicuzIx6HSg//bHfZd7bt7S3guuRSuGadUDWg=="
  "resolved" "https://registry.npmjs.org/@bnb-chain/greenfield-contracts/-/greenfield-contracts-0.0.8.tgz"
  "version" "0.0.8"
  dependencies:
    "@openzeppelin/contracts" "4.8.3"
    "@openzeppelin/contracts-upgradeable" "4.8.3"

"@openzeppelin/contracts-upgradeable@^4.8.3", "@openzeppelin/contracts-upgradeable@4.8.3":
  "integrity" "sha512-SXDRl7HKpl2WDoJpn7CK/M9U4Z8gNXDHHChAKh0Iz+Wew3wu6CmFYBeie3je8V0GSXZAIYYwUktSrnW/kwVPtg=="
  "resolved" "https://registry.npmjs.org/@openzeppelin/contracts-upgradeable/-/contracts-upgradeable-4.8.3.tgz"
  "version" "4.8.3"

"@openzeppelin/contracts@^4.8.3", "@openzeppelin/contracts@4.8.3":
  "integrity" "sha512-bQHV8R9Me8IaJoJ2vPG4rXcL7seB7YVuskr4f+f5RyOStSZetwzkWtoqDMl5erkBJy0lDRUnIR2WIkPiC0GJlg=="
  "resolved" "https://registry.npmjs.org/@openzeppelin/contracts/-/contracts-4.8.3.tgz"
  "version" "4.8.3"
