# THIS IS AN AUTOGENERATED FILE. DO NOT EDIT THIS FILE DIRECTLY.
# yarn lockfile v1


"@bnb-chain/greenfield-contracts@0.1.1":
  version "0.1.1"
  resolved "https://registry.npmjs.org/@bnb-chain/greenfield-contracts/-/greenfield-contracts-0.1.1.tgz"
  integrity sha512-VBOLghlmw21zuP15xpKjoMFRKhZakgZgKy9EmqH/ZJKZA9+zqQcYwUK+r0zsaSTWTngLKHJxXOTSclTJ2DHDAQ==
  dependencies:
    "@openzeppelin/contracts" "4.9.3"
    "@openzeppelin/contracts-upgradeable" "4.9.3"

"@openzeppelin/contracts-upgradeable@^4.9.3", "@openzeppelin/contracts-upgradeable@4.9.3":
  version "4.9.3"
  resolved "https://registry.npmjs.org/@openzeppelin/contracts-upgradeable/-/contracts-upgradeable-4.9.3.tgz"
  integrity sha512-jjaHAVRMrE4UuZNfDwjlLGDxTHWIOwTJS2ldnc278a0gevfXfPr8hxKEVBGFBE96kl2G3VHDZhUimw/+G3TG2A==

"@openzeppelin/contracts@^4.9.3", "@openzeppelin/contracts@4.9.3":
  version "4.9.3"
  resolved "https://registry.npmjs.org/@openzeppelin/contracts/-/contracts-4.9.3.tgz"
  integrity sha512-He3LieZ1pP2TNt5JbkPA4PNT9WC3gOTOlDcFGJW4Le4QKqwmiNJCRt44APfxMxvq7OugU/cqYuPcSBzOw38DAg==
